PODS:
  - Alamofire (4.4.0)
  - OneSignal (2.4.3)
  - Realm (2.7.0):
    - Realm/Headers (= 2.7.0)
  - Realm/Headers (2.7.0)
  - RealmAppGroupTestFramework (0.1.0):
    - Alamofire
    - RealmSwift
    - SwiftyJSON
  - RealmSwift (2.7.0):
    - Realm (= 2.7.0)
  - SwiftyJSON (3.1.4)

DEPENDENCIES:
  - OneSignal
  - RealmAppGroupTestFramework (from `https://github.com/pauluhn/RealmAppGroupTestFramework.git`, commit `c8d07c560b`)

EXTERNAL SOURCES:
  RealmAppGroupTestFramework:
    :commit: c8d07c560b
    :git: https://github.com/pauluhn/RealmAppGroupTestFramework.git

CHECKOUT OPTIONS:
  RealmAppGroupTestFramework:
    :commit: c8d07c560b
    :git: https://github.com/pauluhn/RealmAppGroupTestFramework.git

SPEC CHECKSUMS:
  Alamofire: dc44b1600b800eb63da6a19039a0083d62a6a62d
  OneSignal: 8e19e0baa263e07fe524fc7386d973ba51fc2459
  Realm: 07e5d3a9e0e41d65fd5f9f05150ed6295d0f093b
  RealmAppGroupTestFramework: d86fd0a603ab090f34a8ebfa710da4e235256417
  RealmSwift: 6d06425d3900c86473c4f323bf6949b43fca22bc
  SwiftyJSON: c2842d878f95482ffceec5709abc3d05680c0220

PODFILE CHECKSUM: 1111851b0bd089c06d4765b1c1e90ca9296cc957

COCOAPODS: 1.2.1
