// !$*UTF8*$!
{
	archiveVersion = 1;
	classes = {
	};
	objectVersion = 46;
	objects = {

/* Begin PBXBuildFile section */
		34D76F7442136414CC7E9D75 /* Pods_RealmAppGroupTestThirdApp.framework in Frameworks */ = {isa = PBXBuildFile; fileRef = A7B2E9C937FCBC8D149E4463 /* Pods_RealmAppGroupTestThirdApp.framework */; };
		D66F4F301E899EF8006F212F /* AppDelegate.swift in Sources */ = {isa = PBXBuildFile; fileRef = D66F4F2F1E899EF8006F212F /* AppDelegate.swift */; };
		D66F4F321E899EF8006F212F /* ViewController.swift in Sources */ = {isa = PBXBuildFile; fileRef = D66F4F311E899EF8006F212F /* ViewController.swift */; };
		D66F4F351E899EF8006F212F /* Main.storyboard in Resources */ = {isa = PBXBuildFile; fileRef = D66F4F331E899EF8006F212F /* Main.storyboard */; };
		D66F4F371E899EF8006F212F /* Assets.xcassets in Resources */ = {isa = PBXBuildFile; fileRef = D66F4F361E899EF8006F212F /* Assets.xcassets */; };
		D66F4F3A1E899EF8006F212F /* LaunchScreen.storyboard in Resources */ = {isa = PBXBuildFile; fileRef = D66F4F381E899EF8006F212F /* LaunchScreen.storyboard */; };
/* End PBXBuildFile section */

/* Begin PBXFileReference section */
		9FCE92D75DB973F85536D8F5 /* Pods-RealmAppGroupTestThirdApp.debug.xcconfig */ = {isa = PBXFileReference; includeInIndex = 1; lastKnownFileType = text.xcconfig; name = "Pods-RealmAppGroupTestThirdApp.debug.xcconfig"; path = "Pods/Target Support Files/Pods-RealmAppGroupTestThirdApp/Pods-RealmAppGroupTestThirdApp.debug.xcconfig"; sourceTree = "<group>"; };
		A7B2E9C937FCBC8D149E4463 /* Pods_RealmAppGroupTestThirdApp.framework */ = {isa = PBXFileReference; explicitFileType = wrapper.framework; includeInIndex = 0; path = Pods_RealmAppGroupTestThirdApp.framework; sourceTree = BUILT_PRODUCTS_DIR; };
		AD5672061ACE86580B46B654 /* Pods-RealmAppGroupTestThirdApp.release.xcconfig */ = {isa = PBXFileReference; includeInIndex = 1; lastKnownFileType = text.xcconfig; name = "Pods-RealmAppGroupTestThirdApp.release.xcconfig"; path = "Pods/Target Support Files/Pods-RealmAppGroupTestThirdApp/Pods-RealmAppGroupTestThirdApp.release.xcconfig"; sourceTree = "<group>"; };
		D66F4F2C1E899EF8006F212F /* RealmAppGroupTestThirdApp.app */ = {isa = PBXFileReference; explicitFileType = wrapper.application; includeInIndex = 0; path = RealmAppGroupTestThirdApp.app; sourceTree = BUILT_PRODUCTS_DIR; };
		D66F4F2F1E899EF8006F212F /* AppDelegate.swift */ = {isa = PBXFileReference; lastKnownFileType = sourcecode.swift; path = AppDelegate.swift; sourceTree = "<group>"; };
		D66F4F311E899EF8006F212F /* ViewController.swift */ = {isa = PBXFileReference; lastKnownFileType = sourcecode.swift; path = ViewController.swift; sourceTree = "<group>"; };
		D66F4F341E899EF8006F212F /* Base */ = {isa = PBXFileReference; lastKnownFileType = file.storyboard; name = Base; path = Base.lproj/Main.storyboard; sourceTree = "<group>"; };
		D66F4F361E899EF8006F212F /* Assets.xcassets */ = {isa = PBXFileReference; lastKnownFileType = folder.assetcatalog; path = Assets.xcassets; sourceTree = "<group>"; };
		D66F4F391E899EF8006F212F /* Base */ = {isa = PBXFileReference; lastKnownFileType = file.storyboard; name = Base; path = Base.lproj/LaunchScreen.storyboard; sourceTree = "<group>"; };
		D66F4F3B1E899EF8006F212F /* Info.plist */ = {isa = PBXFileReference; lastKnownFileType = text.plist.xml; path = Info.plist; sourceTree = "<group>"; };
		D66F4F411E899EFF006F212F /* RealmAppGroupTestThirdApp.entitlements */ = {isa = PBXFileReference; lastKnownFileType = text.plist.entitlements; path = RealmAppGroupTestThirdApp.entitlements; sourceTree = "<group>"; };
/* End PBXFileReference section */

/* Begin PBXFrameworksBuildPhase section */
		D66F4F291E899EF8006F212F /* Frameworks */ = {
			isa = PBXFrameworksBuildPhase;
			buildActionMask = 2147483647;
			files = (
				34D76F7442136414CC7E9D75 /* Pods_RealmAppGroupTestThirdApp.framework in Frameworks */,
			);
			runOnlyForDeploymentPostprocessing = 0;
		};
/* End PBXFrameworksBuildPhase section */

/* Begin PBXGroup section */
		547DA2B53F07FCFF4E1698CB /* Pods */ = {
			isa = PBXGroup;
			children = (
				9FCE92D75DB973F85536D8F5 /* Pods-RealmAppGroupTestThirdApp.debug.xcconfig */,
				AD5672061ACE86580B46B654 /* Pods-RealmAppGroupTestThirdApp.release.xcconfig */,
			);
			name = Pods;
			sourceTree = "<group>";
		};
		6F9ECD1C2EED5E9BD7877DBD /* Frameworks */ = {
			isa = PBXGroup;
			children = (
				A7B2E9C937FCBC8D149E4463 /* Pods_RealmAppGroupTestThirdApp.framework */,
			);
			name = Frameworks;
			sourceTree = "<group>";
		};
		D66F4F231E899EF8006F212F = {
			isa = PBXGroup;
			children = (
				D66F4F2E1E899EF8006F212F /* RealmAppGroupTestThirdApp */,
				D66F4F2D1E899EF8006F212F /* Products */,
				547DA2B53F07FCFF4E1698CB /* Pods */,
				6F9ECD1C2EED5E9BD7877DBD /* Frameworks */,
			);
			sourceTree = "<group>";
		};
		D66F4F2D1E899EF8006F212F /* Products */ = {
			isa = PBXGroup;
			children = (
				D66F4F2C1E899EF8006F212F /* RealmAppGroupTestThirdApp.app */,
			);
			name = Products;
			sourceTree = "<group>";
		};
		D66F4F2E1E899EF8006F212F /* RealmAppGroupTestThirdApp */ = {
			isa = PBXGroup;
			children = (
				D66F4F411E899EFF006F212F /* RealmAppGroupTestThirdApp.entitlements */,
				D66F4F2F1E899EF8006F212F /* AppDelegate.swift */,
				D66F4F311E899EF8006F212F /* ViewController.swift */,
				D66F4F331E899EF8006F212F /* Main.storyboard */,
				D66F4F361E899EF8006F212F /* Assets.xcassets */,
				D66F4F381E899EF8006F212F /* LaunchScreen.storyboard */,
				D66F4F3B1E899EF8006F212F /* Info.plist */,
			);
			path = RealmAppGroupTestThirdApp;
			sourceTree = "<group>";
		};
/* End PBXGroup section */

/* Begin PBXNativeTarget section */
		D66F4F2B1E899EF8006F212F /* RealmAppGroupTestThirdApp */ = {
			isa = PBXNativeTarget;
			buildConfigurationList = D66F4F3E1E899EF8006F212F /* Build configuration list for PBXNativeTarget "RealmAppGroupTestThirdApp" */;
			buildPhases = (
				7BD5619FF0AAA5A93FF50331 /* [CP] Check Pods Manifest.lock */,
				D66F4F281E899EF8006F212F /* Sources */,
				D66F4F291E899EF8006F212F /* Frameworks */,
				D66F4F2A1E899EF8006F212F /* Resources */,
				2A393EE73B91519A0CDB0826 /* [CP] Embed Pods Frameworks */,
				C6A3FC4A089F7879BB96E881 /* [CP] Copy Pods Resources */,
			);
			buildRules = (
			);
			dependencies = (
			);
			name = RealmAppGroupTestThirdApp;
			productName = RealmAppGroupTestThirdApp;
			productReference = D66F4F2C1E899EF8006F212F /* RealmAppGroupTestThirdApp.app */;
			productType = "com.apple.product-type.application";
		};
/* End PBXNativeTarget section */

/* Begin PBXProject section */
		D66F4F241E899EF8006F212F /* Project object */ = {
			isa = PBXProject;
			attributes = {
				LastSwiftUpdateCheck = 0820;
				LastUpgradeCheck = 0820;
				ORGANIZATIONNAME = "Paul Uhn";
				TargetAttributes = {
					D66F4F2B1E899EF8006F212F = {
						CreatedOnToolsVersion = 8.2.1;
						DevelopmentTeam = D26T23C8PT;
						ProvisioningStyle = Automatic;
						SystemCapabilities = {
							com.apple.ApplicationGroups.iOS = {
								enabled = 1;
							};
							com.apple.BackgroundModes = {
								enabled = 1;
							};
							com.apple.Push = {
								enabled = 1;
							};
						};
					};
				};
			};
			buildConfigurationList = D66F4F271E899EF8006F212F /* Build configuration list for PBXProject "RealmAppGroupTestThirdApp" */;
			compatibilityVersion = "Xcode 3.2";
			developmentRegion = English;
			hasScannedForEncodings = 0;
			knownRegions = (
				en,
				Base,
			);
			mainGroup = D66F4F231E899EF8006F212F;
			productRefGroup = D66F4F2D1E899EF8006F212F /* Products */;
			projectDirPath = "";
			projectRoot = "";
			targets = (
				D66F4F2B1E899EF8006F212F /* RealmAppGroupTestThirdApp */,
			);
		};
/* End PBXProject section */

/* Begin PBXResourcesBuildPhase section */
		D66F4F2A1E899EF8006F212F /* Resources */ = {
			isa = PBXResourcesBuildPhase;
			buildActionMask = 2147483647;
			files = (
				D66F4F3A1E899EF8006F212F /* LaunchScreen.storyboard in Resources */,
				D66F4F371E899EF8006F212F /* Assets.xcassets in Resources */,
				D66F4F351E899EF8006F212F /* Main.storyboard in Resources */,
			);
			runOnlyForDeploymentPostprocessing = 0;
		};
/* End PBXResourcesBuildPhase section */

/* Begin PBXShellScriptBuildPhase section */
		2A393EE73B91519A0CDB0826 /* [CP] Embed Pods Frameworks */ = {
			isa = PBXShellScriptBuildPhase;
			buildActionMask = 2147483647;
			files = (
			);
			inputPaths = (
			);
			name = "[CP] Embed Pods Frameworks";
			outputPaths = (
			);
			runOnlyForDeploymentPostprocessing = 0;
			shellPath = /bin/sh;
			shellScript = "\"${SRCROOT}/Pods/Target Support Files/Pods-RealmAppGroupTestThirdApp/Pods-RealmAppGroupTestThirdApp-frameworks.sh\"\n";
			showEnvVarsInLog = 0;
		};
		7BD5619FF0AAA5A93FF50331 /* [CP] Check Pods Manifest.lock */ = {
			isa = PBXShellScriptBuildPhase;
			buildActionMask = 2147483647;
			files = (
			);
			inputPaths = (
			);
			name = "[CP] Check Pods Manifest.lock";
			outputPaths = (
			);
			runOnlyForDeploymentPostprocessing = 0;
			shellPath = /bin/sh;
			shellScript = "diff \"${PODS_PODFILE_DIR_PATH}/Podfile.lock\" \"${PODS_ROOT}/Manifest.lock\" > /dev/null\nif [ $? != 0 ] ; then\n    # print error to STDERR\n    echo \"error: The sandbox is not in sync with the Podfile.lock. Run 'pod install' or update your CocoaPods installation.\" >&2\n    exit 1\nfi\n";
			showEnvVarsInLog = 0;
		};
		C6A3FC4A089F7879BB96E881 /* [CP] Copy Pods Resources */ = {
			isa = PBXShellScriptBuildPhase;
			buildActionMask = 2147483647;
			files = (
			);
			inputPaths = (
			);
			name = "[CP] Copy Pods Resources";
			outputPaths = (
			);
			runOnlyForDeploymentPostprocessing = 0;
			shellPath = /bin/sh;
			shellScript = "\"${SRCROOT}/Pods/Target Support Files/Pods-RealmAppGroupTestThirdApp/Pods-RealmAppGroupTestThirdApp-resources.sh\"\n";
			showEnvVarsInLog = 0;
		};
/* End PBXShellScriptBuildPhase section */

/* Begin PBXSourcesBuildPhase section */
		D66F4F281E899EF8006F212F /* Sources */ = {
			isa = PBXSourcesBuildPhase;
			buildActionMask = 2147483647;
			files = (
				D66F4F321E899EF8006F212F /* ViewController.swift in Sources */,
				D66F4F301E899EF8006F212F /* AppDelegate.swift in Sources */,
			);
			runOnlyForDeploymentPostprocessing = 0;
		};
/* End PBXSourcesBuildPhase section */

/* Begin PBXVariantGroup section */
		D66F4F331E899EF8006F212F /* Main.storyboard */ = {
			isa = PBXVariantGroup;
			children = (
				D66F4F341E899EF8006F212F /* Base */,
			);
			name = Main.storyboard;
			sourceTree = "<group>";
		};
		D66F4F381E899EF8006F212F /* LaunchScreen.storyboard */ = {
			isa = PBXVariantGroup;
			children = (
				D66F4F391E899EF8006F212F /* Base */,
			);
			name = LaunchScreen.storyboard;
			sourceTree = "<group>";
		};
/* End PBXVariantGroup section */

/* Begin XCBuildConfiguration section */
		D66F4F3C1E899EF8006F212F /* Debug */ = {
			isa = XCBuildConfiguration;
			buildSettings = {
				ALWAYS_SEARCH_USER_PATHS = NO;
				CLANG_ANALYZER_NONNULL = YES;
				CLANG_CXX_LANGUAGE_STANDARD = "gnu++0x";
				CLANG_CXX_LIBRARY = "libc++";
				CLANG_ENABLE_MODULES = YES;
				CLANG_ENABLE_OBJC_ARC = YES;
				CLANG_WARN_BOOL_CONVERSION = YES;
				CLANG_WARN_CONSTANT_CONVERSION = YES;
				CLANG_WARN_DIRECT_OBJC_ISA_USAGE = YES_ERROR;
				CLANG_WARN_DOCUMENTATION_COMMENTS = YES;
				CLANG_WARN_EMPTY_BODY = YES;
				CLANG_WARN_ENUM_CONVERSION = YES;
				CLANG_WARN_INFINITE_RECURSION = YES;
				CLANG_WARN_INT_CONVERSION = YES;
				CLANG_WARN_OBJC_ROOT_CLASS = YES_ERROR;
				CLANG_WARN_SUSPICIOUS_MOVE = YES;
				CLANG_WARN_UNREACHABLE_CODE = YES;
				CLANG_WARN__DUPLICATE_METHOD_MATCH = YES;
				"CODE_SIGN_IDENTITY[sdk=iphoneos*]" = "iPhone Developer";
				COPY_PHASE_STRIP = NO;
				DEBUG_INFORMATION_FORMAT = dwarf;
				ENABLE_STRICT_OBJC_MSGSEND = YES;
				ENABLE_TESTABILITY = YES;
				GCC_C_LANGUAGE_STANDARD = gnu99;
				GCC_DYNAMIC_NO_PIC = NO;
				GCC_NO_COMMON_BLOCKS = YES;
				GCC_OPTIMIZATION_LEVEL = 0;
				GCC_PREPROCESSOR_DEFINITIONS = (
					"DEBUG=1",
					"$(inherited)",
				);
				GCC_WARN_64_TO_32_BIT_CONVERSION = YES;
				GCC_WARN_ABOUT_RETURN_TYPE = YES_ERROR;
				GCC_WARN_UNDECLARED_SELECTOR = YES;
				GCC_WARN_UNINITIALIZED_AUTOS = YES_AGGRESSIVE;
				GCC_WARN_UNUSED_FUNCTION = YES;
				GCC_WARN_UNUSED_VARIABLE = YES;
				IPHONEOS_DEPLOYMENT_TARGET = 10.2;
				MTL_ENABLE_DEBUG_INFO = YES;
				ONLY_ACTIVE_ARCH = YES;
				SDKROOT = iphoneos;
				SWIFT_ACTIVE_COMPILATION_CONDITIONS = DEBUG;
				SWIFT_OPTIMIZATION_LEVEL = "-Onone";
				TARGETED_DEVICE_FAMILY = "1,2";
			};
			name = Debug;
		};
		D66F4F3D1E899EF8006F212F /* Release */ = {
			isa = XCBuildConfiguration;
			buildSettings = {
				ALWAYS_SEARCH_USER_PATHS = NO;
				CLANG_ANALYZER_NONNULL = YES;
				CLANG_CXX_LANGUAGE_STANDARD = "gnu++0x";
				CLANG_CXX_LIBRARY = "libc++";
				CLANG_ENABLE_MODULES = YES;
				CLANG_ENABLE_OBJC_ARC = YES;
				CLANG_WARN_BOOL_CONVERSION = YES;
				CLANG_WARN_CONSTANT_CONVERSION = YES;
				CLANG_WARN_DIRECT_OBJC_ISA_USAGE = YES_ERROR;
				CLANG_WARN_DOCUMENTATION_COMMENTS = YES;
				CLANG_WARN_EMPTY_BODY = YES;
				CLANG_WARN_ENUM_CONVERSION = YES;
				CLANG_WARN_INFINITE_RECURSION = YES;
				CLANG_WARN_INT_CONVERSION = YES;
				CLANG_WARN_OBJC_ROOT_CLASS = YES_ERROR;
				CLANG_WARN_SUSPICIOUS_MOVE = YES;
				CLANG_WARN_UNREACHABLE_CODE = YES;
				CLANG_WARN__DUPLICATE_METHOD_MATCH = YES;
				"CODE_SIGN_IDENTITY[sdk=iphoneos*]" = "iPhone Developer";
				COPY_PHASE_STRIP = NO;
				DEBUG_INFORMATION_FORMAT = "dwarf-with-dsym";
				ENABLE_NS_ASSERTIONS = NO;
				ENABLE_STRICT_OBJC_MSGSEND = YES;
				GCC_C_LANGUAGE_STANDARD = gnu99;
				GCC_NO_COMMON_BLOCKS = YES;
				GCC_WARN_64_TO_32_BIT_CONVERSION = YES;
				GCC_WARN_ABOUT_RETURN_TYPE = YES_ERROR;
				GCC_WARN_UNDECLARED_SELECTOR = YES;
				GCC_WARN_UNINITIALIZED_AUTOS = YES_AGGRESSIVE;
				GCC_WARN_UNUSED_FUNCTION = YES;
				GCC_WARN_UNUSED_VARIABLE = YES;
				IPHONEOS_DEPLOYMENT_TARGET = 10.2;
				MTL_ENABLE_DEBUG_INFO = NO;
				SDKROOT = iphoneos;
				SWIFT_OPTIMIZATION_LEVEL = "-Owholemodule";
				TARGETED_DEVICE_FAMILY = "1,2";
				VALIDATE_PRODUCT = YES;
			};
			name = Release;
		};
		D66F4F3F1E899EF8006F212F /* Debug */ = {
			isa = XCBuildConfiguration;
			baseConfigurationReference = 9FCE92D75DB973F85536D8F5 /* Pods-RealmAppGroupTestThirdApp.debug.xcconfig */;
			buildSettings = {
				ASSETCATALOG_COMPILER_APPICON_NAME = AppIcon;
				CODE_SIGN_ENTITLEMENTS = RealmAppGroupTestThirdApp/RealmAppGroupTestThirdApp.entitlements;
				DEVELOPMENT_TEAM = D26T23C8PT;
				INFOPLIST_FILE = RealmAppGroupTestThirdApp/Info.plist;
				LD_RUNPATH_SEARCH_PATHS = "$(inherited) @executable_path/Frameworks";
				PRODUCT_BUNDLE_IDENTIFIER = com.blackelephants.RealmAppGroupTestThirdApp;
				PRODUCT_NAME = "$(TARGET_NAME)";
				SWIFT_VERSION = 3.0;
			};
			name = Debug;
		};
		D66F4F401E899EF8006F212F /* Release */ = {
			isa = XCBuildConfiguration;
			baseConfigurationReference = AD5672061ACE86580B46B654 /* Pods-RealmAppGroupTestThirdApp.release.xcconfig */;
			buildSettings = {
				ASSETCATALOG_COMPILER_APPICON_NAME = AppIcon;
				CODE_SIGN_ENTITLEMENTS = RealmAppGroupTestThirdApp/RealmAppGroupTestThirdApp.entitlements;
				DEVELOPMENT_TEAM = D26T23C8PT;
				INFOPLIST_FILE = RealmAppGroupTestThirdApp/Info.plist;
				LD_RUNPATH_SEARCH_PATHS = "$(inherited) @executable_path/Frameworks";
				PRODUCT_BUNDLE_IDENTIFIER = com.blackelephants.RealmAppGroupTestThirdApp;
				PRODUCT_NAME = "$(TARGET_NAME)";
				SWIFT_VERSION = 3.0;
			};
			name = Release;
		};
/* End XCBuildConfiguration section */

/* Begin XCConfigurationList section */
		D66F4F271E899EF8006F212F /* Build configuration list for PBXProject "RealmAppGroupTestThirdApp" */ = {
			isa = XCConfigurationList;
			buildConfigurations = (
				D66F4F3C1E899EF8006F212F /* Debug */,
				D66F4F3D1E899EF8006F212F /* Release */,
			);
			defaultConfigurationIsVisible = 0;
			defaultConfigurationName = Release;
		};
		D66F4F3E1E899EF8006F212F /* Build configuration list for PBXNativeTarget "RealmAppGroupTestThirdApp" */ = {
			isa = XCConfigurationList;
			buildConfigurations = (
				D66F4F3F1E899EF8006F212F /* Debug */,
				D66F4F401E899EF8006F212F /* Release */,
			);
			defaultConfigurationIsVisible = 0;
			defaultConfigurationName = Release;
		};
/* End XCConfigurationList section */
	};
	rootObject = D66F4F241E899EF8006F212F /* Project object */;
}
